importers:
  .:
    devDependencies:
      typescript: 3.9.9
    specifiers:
      typescript: ^3.8.3
  packages/core:
    devDependencies:
      typescript: 4.2.2
    specifiers:
      typescript: ^4.2.2
lockfileVersion: 5.2
packages:
  /typescript/3.9.9:
    dev: true
    engines:
      node: '>=4.2.0'
    hasBin: true
    resolution:
      integrity: sha512-kdMjTiekY+z/ubJCATUPlRDl39vXYiMV9iyeMuEuXZh2we6zz80uovNN2WlAxmmdE/Z/YQe+EbOEXB5RHEED3w==
  /typescript/4.2.2:
    dev: true
    engines:
      node: '>=4.2.0'
    hasBin: true
    resolution:
      integrity: sha512-tbb+NVrLfnsJy3M59lsDgrzWIflR4d4TIUjz+heUnHZwdF7YsrMTKoRERiIvI2lvBG95dfpLxB21WZhys1bgaQ==
