lockfileVersion: '9.0'

settings:
  autoInstallPeers: true
  excludeLinksFromLockfile: false

catalogs:
  default:
    '@types/node':
      specifier: ^24.0.0
      version: 24.13.3
    typescript:
      specifier: ^5.9.0
      version: 5.9.3

importers:

  .: {}

  examples/example-1:
    dependencies:
      '@theory/assertions':
        specifier: workspace:*
        version: link:../../packages/assertions

  packages/agent/agent-nodejs:
    dependencies:
      '@theory/core':
        specifier: workspace:*
        version: link:../../core
    devDependencies:
      '@theory/build-tools':
        specifier: workspace:*
        version: link:../../build-tools
      '@types/node':
        specifier: 'catalog:'
        version: 24.13.3

  packages/api:
    dependencies:
      '@theory/core':
        specifier: workspace:*
        version: link:../core
      '@theory/util-result':
        specifier: workspace:*
        version: link:../result
    devDependencies:
      '@theory/build-tools':
        specifier: workspace:*
        version: link:../build-tools
      '@types/node':
        specifier: 'catalog:'
        version: 24.13.3

  packages/assertions:
    dependencies:
      '@theory/core':
        specifier: workspace:*
        version: link:../core
    devDependencies:
      '@theory/build-tools':
        specifier: workspace:*
        version: link:../build-tools
      '@types/node':
        specifier: 'catalog:'
        version: 24.13.3

  packages/build-tools:
    dependencies:
      typescript:
        specifier: 'catalog:'
        version: 5.9.3

  packages/cli:
    dependencies:
      '@theory/build-tools':
        specifier: workspace:*
        version: link:../build-tools
      '@theory/util-result':
        specifier: workspace:*
        version: link:../result
    devDependencies:
      '@types/node':
        specifier: 'catalog:'
        version: 24.13.3

  packages/core:
    dependencies:
      '@theory/util-result':
        specifier: workspace:*
        version: link:../result
    devDependencies:
      '@theory/build-tools':
        specifier: workspace:*
        version: link:../build-tools
      '@types/node':
        specifier: 'catalog:'
        version: 24.13.3

  packages/fs-contract/interfaces:
    dependencies:
      '@theory/fs-path':
        specifier: workspace:*
        version: link:../../fs-path
      '@theory/util-result':
        specifier: workspace:*
        version: link:../../result
    devDependencies:
      '@theory/build-tools':
        specifier: workspace:*
        version: link:../../build-tools
      '@types/node':
        specifier: 'catalog:'
        version: 24.13.3

  packages/fs-contract/mock:
    dependencies:
      '@theory/fs-contract':
        specifier: workspace:*
        version: link:../interfaces
      '@theory/util-result':
        specifier: workspace:*
        version: link:../../result
    devDependencies:
      '@theory/build-tools':
        specifier: workspace:*
        version: link:../../build-tools
      '@types/node':
        specifier: 'catalog:'
        version: 24.13.3

  packages/fs-contract/node:
    dependencies:
      '@theory/fs-contract':
        specifier: workspace:*
        version: link:../interfaces
      '@theory/util-result':
        specifier: workspace:*
        version: link:../../result
    devDependencies:
      '@theory/build-tools':
        specifier: workspace:*
        version: link:../../build-tools
      '@types/node':
        specifier: 'catalog:'
        version: 24.13.3

  packages/fs-path:
    dependencies:
      '@theory/util-result':
        specifier: workspace:*
        version: link:../result
    devDependencies:
      '@theory/build-tools':
        specifier: workspace:*
        version: link:../build-tools
      '@types/node':
        specifier: 'catalog:'
        version: 24.13.3

  packages/result:
    devDependencies:
      '@theory/build-tools':
        specifier: workspace:*
        version: link:../build-tools
      '@types/node':
        specifier: 'catalog:'
        version: 24.13.3

packages:

  '@types/node@24.13.3':
    resolution: {integrity: sha512-Dh8vAsV36ig5wa9OX4pXvMc9D3Veibfw2wix0CUwYODLD8nkj9UsLjASr49nPg+2eKzxhBV+v7L8pXvT4e639Q==}

  typescript@5.9.3:
    resolution: {integrity: sha512-jl1vZzPDinLr9eUt3J/t7V6FgNEw9QjvBPdysz9KfQDD41fQrC2Y4vKQdiaUpFT4bXlb1RHhLpp8wtm6M5TgSw==}
    engines: {node: '>=14.17'}
    hasBin: true

  undici-types@7.18.2:
    resolution: {integrity: sha512-AsuCzffGHJybSaRrmr5eHr81mwJU3kjw6M+uprWvCXiNeN9SOGwQ3Jn8jb8m3Z6izVgknn1R0FTCEAP2QrLY/w==}

snapshots:

  '@types/node@24.13.3':
    dependencies:
      undici-types: 7.18.2

  typescript@5.9.3: {}

  undici-types@7.18.2: {}
